// !$*UTF8*$!
{
	archiveVersion = 1;
	classes = {
	};
	objectVersion = 51;
	objects = {

/* Begin PBXBuildFile section */
		2491B91E28301C3800D01FAC /* Data.swift in Sources */ = {isa = PBXBuildFile; fileRef = 2491B91D28301C3800D01FAC /* Data.swift */; };
		2491B920283023EE00D01FAC /* LeaguePresenterProtocol.swift in Sources */ = {isa = PBXBuildFile; fileRef = 2491B91F283023EE00D01FAC /* LeaguePresenterProtocol.swift */; };
		2491B9222830240400D01FAC /* LeagueViewProtocol.swift in Sources */ = {isa = PBXBuildFile; fileRef = 2491B9212830240400D01FAC /* LeagueViewProtocol.swift */; };
		2491B9242830283A00D01FAC /* LeaguesResponse.swift in Sources */ = {isa = PBXBuildFile; fileRef = 2491B9232830283A00D01FAC /* LeaguesResponse.swift */; };
		2491B9262830287D00D01FAC /* LeaguesData.swift in Sources */ = {isa = PBXBuildFile; fileRef = 2491B9252830287D00D01FAC /* LeaguesData.swift */; };
		2491B928283030C200D01FAC /* CountriesName.swift in Sources */ = {isa = PBXBuildFile; fileRef = 2491B927283030C200D01FAC /* CountriesName.swift */; };
		2491B92A2830310C00D01FAC /* CountriesNameResponse.swift in Sources */ = {isa = PBXBuildFile; fileRef = 2491B9292830310C00D01FAC /* CountriesNameResponse.swift */; };
		450A0B4E3A7DF6DDFB0CA053 /* Pods_Sports_AppTests.framework in Frameworks */ = {isa = PBXBuildFile; fileRef = 8CCA5013BD1D1E0483745657 /* Pods_Sports_AppTests.framework */; };
		8A931D7D923FD87717540277 /* Pods_Sports_App.framework in Frameworks */ = {isa = PBXBuildFile; fileRef = A425F803439F05E07768DA0A /* Pods_Sports_App.framework */; };
		D52AD1298722163AFDAD271D /* Pods_Sports_App_Sports_AppUITests.framework in Frameworks */ = {isa = PBXBuildFile; fileRef = 50E1669CB3D917C5352FF2C5 /* Pods_Sports_App_Sports_AppUITests.framework */; };
		EFC72A55282C65A400884680 /* AppDelegate.swift in Sources */ = {isa = PBXBuildFile; fileRef = EFC72A54282C65A400884680 /* AppDelegate.swift */; };
		EFC72A57282C65A400884680 /* SceneDelegate.swift in Sources */ = {isa = PBXBuildFile; fileRef = EFC72A56282C65A400884680 /* SceneDelegate.swift */; };
		EFC72A59282C65A400884680 /* ViewController.swift in Sources */ = {isa = PBXBuildFile; fileRef = EFC72A58282C65A400884680 /* ViewController.swift */; };
		EFC72A5C282C65A400884680 /* Main.storyboard in Resources */ = {isa = PBXBuildFile; fileRef = EFC72A5A282C65A400884680 /* Main.storyboard */; };
		EFC72A5F282C65A400884680 /* Sports_App.xcdatamodeld in Sources */ = {isa = PBXBuildFile; fileRef = EFC72A5D282C65A400884680 /* Sports_App.xcdatamodeld */; };
		EFC72A61282C65A600884680 /* Assets.xcassets in Resources */ = {isa = PBXBuildFile; fileRef = EFC72A60282C65A600884680 /* Assets.xcassets */; };
		EFC72A64282C65A600884680 /* LaunchScreen.storyboard in Resources */ = {isa = PBXBuildFile; fileRef = EFC72A62282C65A600884680 /* LaunchScreen.storyboard */; };
		EFC72A6F282C65A600884680 /* Sports_AppTests.swift in Sources */ = {isa = PBXBuildFile; fileRef = EFC72A6E282C65A600884680 /* Sports_AppTests.swift */; };
		EFC72A7A282C65A600884680 /* Sports_AppUITests.swift in Sources */ = {isa = PBXBuildFile; fileRef = EFC72A79282C65A600884680 /* Sports_AppUITests.swift */; };
		EFD5540F282D634400AC82C9 /* SportsViewController.swift in Sources */ = {isa = PBXBuildFile; fileRef = EFD5540E282D634400AC82C9 /* SportsViewController.swift */; };
		EFD55411282D678C00AC82C9 /* CellTableViewCell.swift in Sources */ = {isa = PBXBuildFile; fileRef = EFD55410282D678C00AC82C9 /* CellTableViewCell.swift */; };
		EFD55413282D6EAE00AC82C9 /* LeaguesViewController.swift in Sources */ = {isa = PBXBuildFile; fileRef = EFD55412282D6EAE00AC82C9 /* LeaguesViewController.swift */; };
		EFD55415282D700E00AC82C9 /* LeaguesCellController.swift in Sources */ = {isa = PBXBuildFile; fileRef = EFD55414282D700E00AC82C9 /* LeaguesCellController.swift */; };
		EFD55417282D707800AC82C9 /* SportsCollectionViewCell.swift in Sources */ = {isa = PBXBuildFile; fileRef = EFD55416282D707800AC82C9 /* SportsCollectionViewCell.swift */; };
		EFD5541C282D81D200AC82C9 /* SportsPresenter.swift in Sources */ = {isa = PBXBuildFile; fileRef = EFD5541B282D81D200AC82C9 /* SportsPresenter.swift */; };
		EFD55421282D82DC00AC82C9 /* LeaguesPresenter.swift in Sources */ = {isa = PBXBuildFile; fileRef = EFD55420282D82DC00AC82C9 /* LeaguesPresenter.swift */; };
		EFD55426282D833600AC82C9 /* FavoritePresenter.swift in Sources */ = {isa = PBXBuildFile; fileRef = EFD55425282D833600AC82C9 /* FavoritePresenter.swift */; };
		EFD5542B282D839B00AC82C9 /* SelectedLeagueViewController.swift in Sources */ = {isa = PBXBuildFile; fileRef = EFD5542A282D839B00AC82C9 /* SelectedLeagueViewController.swift */; };
		EFF2E439282F2CAB002DFE0F /* UpcomingEventsCellController.swift in Sources */ = {isa = PBXBuildFile; fileRef = EFF2E438282F2CAB002DFE0F /* UpcomingEventsCellController.swift */; };
		EFF2E43B282F2D09002DFE0F /* LatestResultsCellController.swift in Sources */ = {isa = PBXBuildFile; fileRef = EFF2E43A282F2D09002DFE0F /* LatestResultsCellController.swift */; };
		EFF2E43D282F2D2A002DFE0F /* TeamsCellController.swift in Sources */ = {isa = PBXBuildFile; fileRef = EFF2E43C282F2D2A002DFE0F /* TeamsCellController.swift */; };
		EFF2E440282F2E6A002DFE0F /* Reachability.swift in Sources */ = {isa = PBXBuildFile; fileRef = EFF2E43F282F2E6A002DFE0F /* Reachability.swift */; };
		EFF2E442282F2EBF002DFE0F /* NeworkService.swift in Sources */ = {isa = PBXBuildFile; fileRef = EFF2E441282F2EBF002DFE0F /* NeworkService.swift */; };
		EFF2E444282F2F9C002DFE0F /* Sports.swift in Sources */ = {isa = PBXBuildFile; fileRef = EFF2E443282F2F9C002DFE0F /* Sports.swift */; };
		EFF2E447282F3AC0002DFE0F /* Repo.swift in Sources */ = {isa = PBXBuildFile; fileRef = EFF2E446282F3AC0002DFE0F /* Repo.swift */; };
		EFF2E44A282F3B5F002DFE0F /* CoreDataService.swift in Sources */ = {isa = PBXBuildFile; fileRef = EFF2E449282F3B5F002DFE0F /* CoreDataService.swift */; };
		EFF2E44C282F3BC8002DFE0F /* CoreDatePorotcol.swift in Sources */ = {isa = PBXBuildFile; fileRef = EFF2E44B282F3BC8002DFE0F /* CoreDatePorotcol.swift */; };
		EFF2E44E282F3CBE002DFE0F /* NetworkProtocol.swift in Sources */ = {isa = PBXBuildFile; fileRef = EFF2E44D282F3CBE002DFE0F /* NetworkProtocol.swift */; };
		EFF2E450282F3F78002DFE0F /* RepoProtocol.swift in Sources */ = {isa = PBXBuildFile; fileRef = EFF2E44F282F3F78002DFE0F /* RepoProtocol.swift */; };
		EFF2E452282F6542002DFE0F /* SportsResponse.swift in Sources */ = {isa = PBXBuildFile; fileRef = EFF2E451282F6542002DFE0F /* SportsResponse.swift */; };
		EFF2E454282F763F002DFE0F /* SportsProtocol.swift in Sources */ = {isa = PBXBuildFile; fileRef = EFF2E453282F763F002DFE0F /* SportsProtocol.swift */; };
		EFF2E456282F7C40002DFE0F /* SportsViewProtocol.swift in Sources */ = {isa = PBXBuildFile; fileRef = EFF2E455282F7C40002DFE0F /* SportsViewProtocol.swift */; };
/* End PBXBuildFile section */

/* Begin PBXContainerItemProxy section */
		EFC72A6B282C65A600884680 /* PBXContainerItemProxy */ = {
			isa = PBXContainerItemProxy;
			containerPortal = EFC72A49282C65A400884680 /* Project object */;
			proxyType = 1;
			remoteGlobalIDString = EFC72A50282C65A400884680;
			remoteInfo = "Sports-App";
		};
		EFC72A76282C65A600884680 /* PBXContainerItemProxy */ = {
			isa = PBXContainerItemProxy;
			containerPortal = EFC72A49282C65A400884680 /* Project object */;
			proxyType = 1;
			remoteGlobalIDString = EFC72A50282C65A400884680;
			remoteInfo = "Sports-App";
		};
/* End PBXContainerItemProxy section */

/* Begin PBXFileReference section */
		20B763A5268D9ECB7EB00715 /* Pods-Sports-App.debug.xcconfig */ = {isa = PBXFileReference; includeInIndex = 1; lastKnownFileType = text.xcconfig; name = "Pods-Sports-App.debug.xcconfig"; path = "Target Support Files/Pods-Sports-App/Pods-Sports-App.debug.xcconfig"; sourceTree = "<group>"; };
		2491B91D28301C3800D01FAC /* Data.swift */ = {isa = PBXFileReference; lastKnownFileType = sourcecode.swift; path = Data.swift; sourceTree = "<group>"; };
		2491B91F283023EE00D01FAC /* LeaguePresenterProtocol.swift */ = {isa = PBXFileReference; lastKnownFileType = sourcecode.swift; path = LeaguePresenterProtocol.swift; sourceTree = "<group>"; };
		2491B9212830240400D01FAC /* LeagueViewProtocol.swift */ = {isa = PBXFileReference; lastKnownFileType = sourcecode.swift; path = LeagueViewProtocol.swift; sourceTree = "<group>"; };
		2491B9232830283A00D01FAC /* LeaguesResponse.swift */ = {isa = PBXFileReference; lastKnownFileType = sourcecode.swift; path = LeaguesResponse.swift; sourceTree = "<group>"; };
		2491B9252830287D00D01FAC /* LeaguesData.swift */ = {isa = PBXFileReference; lastKnownFileType = sourcecode.swift; path = LeaguesData.swift; sourceTree = "<group>"; };
		2491B927283030C200D01FAC /* CountriesName.swift */ = {isa = PBXFileReference; lastKnownFileType = sourcecode.swift; path = CountriesName.swift; sourceTree = "<group>"; };
		2491B9292830310C00D01FAC /* CountriesNameResponse.swift */ = {isa = PBXFileReference; lastKnownFileType = sourcecode.swift; path = CountriesNameResponse.swift; sourceTree = "<group>"; };
		3385F3AE8AF9C9D6A24F36AD /* Pods-Sports-App-Sports-AppUITests.debug.xcconfig */ = {isa = PBXFileReference; includeInIndex = 1; lastKnownFileType = text.xcconfig; name = "Pods-Sports-App-Sports-AppUITests.debug.xcconfig"; path = "Target Support Files/Pods-Sports-App-Sports-AppUITests/Pods-Sports-App-Sports-AppUITests.debug.xcconfig"; sourceTree = "<group>"; };
		50E1669CB3D917C5352FF2C5 /* Pods_Sports_App_Sports_AppUITests.framework */ = {isa = PBXFileReference; explicitFileType = wrapper.framework; includeInIndex = 0; path = Pods_Sports_App_Sports_AppUITests.framework; sourceTree = BUILT_PRODUCTS_DIR; };
		51213962DE720E5E25B8725E /* Pods-Sports-App.release.xcconfig */ = {isa = PBXFileReference; includeInIndex = 1; lastKnownFileType = text.xcconfig; name = "Pods-Sports-App.release.xcconfig"; path = "Target Support Files/Pods-Sports-App/Pods-Sports-App.release.xcconfig"; sourceTree = "<group>"; };
		6964E46CFF2AFC932B668688 /* Pods-Sports-App-Sports-AppUITests.release.xcconfig */ = {isa = PBXFileReference; includeInIndex = 1; lastKnownFileType = text.xcconfig; name = "Pods-Sports-App-Sports-AppUITests.release.xcconfig"; path = "Target Support Files/Pods-Sports-App-Sports-AppUITests/Pods-Sports-App-Sports-AppUITests.release.xcconfig"; sourceTree = "<group>"; };
		8CCA5013BD1D1E0483745657 /* Pods_Sports_AppTests.framework */ = {isa = PBXFileReference; explicitFileType = wrapper.framework; includeInIndex = 0; path = Pods_Sports_AppTests.framework; sourceTree = BUILT_PRODUCTS_DIR; };
		A425F803439F05E07768DA0A /* Pods_Sports_App.framework */ = {isa = PBXFileReference; explicitFileType = wrapper.framework; includeInIndex = 0; path = Pods_Sports_App.framework; sourceTree = BUILT_PRODUCTS_DIR; };
		AE336FF1FA0424C9F673596B /* Pods-Sports-AppTests.release.xcconfig */ = {isa = PBXFileReference; includeInIndex = 1; lastKnownFileType = text.xcconfig; name = "Pods-Sports-AppTests.release.xcconfig"; path = "Target Support Files/Pods-Sports-AppTests/Pods-Sports-AppTests.release.xcconfig"; sourceTree = "<group>"; };
		EEC8A8D3530C61E3F605A8D1 /* Pods-Sports-AppTests.debug.xcconfig */ = {isa = PBXFileReference; includeInIndex = 1; lastKnownFileType = text.xcconfig; name = "Pods-Sports-AppTests.debug.xcconfig"; path = "Target Support Files/Pods-Sports-AppTests/Pods-Sports-AppTests.debug.xcconfig"; sourceTree = "<group>"; };
		EFC72A51282C65A400884680 /* Sports-App.app */ = {isa = PBXFileReference; explicitFileType = wrapper.application; includeInIndex = 0; path = "Sports-App.app"; sourceTree = BUILT_PRODUCTS_DIR; };
		EFC72A54282C65A400884680 /* AppDelegate.swift */ = {isa = PBXFileReference; lastKnownFileType = sourcecode.swift; path = AppDelegate.swift; sourceTree = "<group>"; };
		EFC72A56282C65A400884680 /* SceneDelegate.swift */ = {isa = PBXFileReference; lastKnownFileType = sourcecode.swift; path = SceneDelegate.swift; sourceTree = "<group>"; };
		EFC72A58282C65A400884680 /* ViewController.swift */ = {isa = PBXFileReference; lastKnownFileType = sourcecode.swift; path = ViewController.swift; sourceTree = "<group>"; };
		EFC72A5B282C65A400884680 /* Base */ = {isa = PBXFileReference; lastKnownFileType = file.storyboard; name = Base; path = Base.lproj/Main.storyboard; sourceTree = "<group>"; };
		EFC72A5E282C65A400884680 /* Sports_App.xcdatamodel */ = {isa = PBXFileReference; lastKnownFileType = wrapper.xcdatamodel; path = Sports_App.xcdatamodel; sourceTree = "<group>"; };
		EFC72A60282C65A600884680 /* Assets.xcassets */ = {isa = PBXFileReference; lastKnownFileType = folder.assetcatalog; path = Assets.xcassets; sourceTree = "<group>"; };
		EFC72A63282C65A600884680 /* Base */ = {isa = PBXFileReference; lastKnownFileType = file.storyboard; name = Base; path = Base.lproj/LaunchScreen.storyboard; sourceTree = "<group>"; };
		EFC72A65282C65A600884680 /* Info.plist */ = {isa = PBXFileReference; lastKnownFileType = text.plist.xml; path = Info.plist; sourceTree = "<group>"; };
		EFC72A6A282C65A600884680 /* Sports-AppTests.xctest */ = {isa = PBXFileReference; explicitFileType = wrapper.cfbundle; includeInIndex = 0; path = "Sports-AppTests.xctest"; sourceTree = BUILT_PRODUCTS_DIR; };
		EFC72A6E282C65A600884680 /* Sports_AppTests.swift */ = {isa = PBXFileReference; lastKnownFileType = sourcecode.swift; path = Sports_AppTests.swift; sourceTree = "<group>"; };
		EFC72A70282C65A600884680 /* Info.plist */ = {isa = PBXFileReference; lastKnownFileType = text.plist.xml; path = Info.plist; sourceTree = "<group>"; };
		EFC72A75282C65A600884680 /* Sports-AppUITests.xctest */ = {isa = PBXFileReference; explicitFileType = wrapper.cfbundle; includeInIndex = 0; path = "Sports-AppUITests.xctest"; sourceTree = BUILT_PRODUCTS_DIR; };
		EFC72A79282C65A600884680 /* Sports_AppUITests.swift */ = {isa = PBXFileReference; lastKnownFileType = sourcecode.swift; path = Sports_AppUITests.swift; sourceTree = "<group>"; };
		EFC72A7B282C65A600884680 /* Info.plist */ = {isa = PBXFileReference; lastKnownFileType = text.plist.xml; path = Info.plist; sourceTree = "<group>"; };
		EFD5540E282D634400AC82C9 /* SportsViewController.swift */ = {isa = PBXFileReference; lastKnownFileType = sourcecode.swift; path = SportsViewController.swift; sourceTree = "<group>"; };
		EFD55410282D678C00AC82C9 /* CellTableViewCell.swift */ = {isa = PBXFileReference; lastKnownFileType = sourcecode.swift; path = CellTableViewCell.swift; sourceTree = "<group>"; };
		EFD55412282D6EAE00AC82C9 /* LeaguesViewController.swift */ = {isa = PBXFileReference; lastKnownFileType = sourcecode.swift; path = LeaguesViewController.swift; sourceTree = "<group>"; };
		EFD55414282D700E00AC82C9 /* LeaguesCellController.swift */ = {isa = PBXFileReference; lastKnownFileType = sourcecode.swift; path = LeaguesCellController.swift; sourceTree = "<group>"; };
		EFD55416282D707800AC82C9 /* SportsCollectionViewCell.swift */ = {isa = PBXFileReference; lastKnownFileType = sourcecode.swift; path = SportsCollectionViewCell.swift; sourceTree = "<group>"; };
		EFD5541B282D81D200AC82C9 /* SportsPresenter.swift */ = {isa = PBXFileReference; lastKnownFileType = sourcecode.swift; path = SportsPresenter.swift; sourceTree = "<group>"; };
		EFD55420282D82DC00AC82C9 /* LeaguesPresenter.swift */ = {isa = PBXFileReference; lastKnownFileType = sourcecode.swift; path = LeaguesPresenter.swift; sourceTree = "<group>"; };
		EFD55425282D833600AC82C9 /* FavoritePresenter.swift */ = {isa = PBXFileReference; lastKnownFileType = sourcecode.swift; path = FavoritePresenter.swift; sourceTree = "<group>"; };
		EFD5542A282D839B00AC82C9 /* SelectedLeagueViewController.swift */ = {isa = PBXFileReference; lastKnownFileType = sourcecode.swift; path = SelectedLeagueViewController.swift; sourceTree = "<group>"; };
		EFF2E438282F2CAB002DFE0F /* UpcomingEventsCellController.swift */ = {isa = PBXFileReference; lastKnownFileType = sourcecode.swift; path = UpcomingEventsCellController.swift; sourceTree = "<group>"; };
		EFF2E43A282F2D09002DFE0F /* LatestResultsCellController.swift */ = {isa = PBXFileReference; lastKnownFileType = sourcecode.swift; path = LatestResultsCellController.swift; sourceTree = "<group>"; };
		EFF2E43C282F2D2A002DFE0F /* TeamsCellController.swift */ = {isa = PBXFileReference; lastKnownFileType = sourcecode.swift; path = TeamsCellController.swift; sourceTree = "<group>"; };
		EFF2E43F282F2E6A002DFE0F /* Reachability.swift */ = {isa = PBXFileReference; lastKnownFileType = sourcecode.swift; path = Reachability.swift; sourceTree = "<group>"; };
		EFF2E441282F2EBF002DFE0F /* NeworkService.swift */ = {isa = PBXFileReference; lastKnownFileType = sourcecode.swift; path = NeworkService.swift; sourceTree = "<group>"; };
		EFF2E443282F2F9C002DFE0F /* Sports.swift */ = {isa = PBXFileReference; lastKnownFileType = sourcecode.swift; path = Sports.swift; sourceTree = "<group>"; };
		EFF2E446282F3AC0002DFE0F /* Repo.swift */ = {isa = PBXFileReference; lastKnownFileType = sourcecode.swift; path = Repo.swift; sourceTree = "<group>"; };
		EFF2E449282F3B5F002DFE0F /* CoreDataService.swift */ = {isa = PBXFileReference; lastKnownFileType = sourcecode.swift; path = CoreDataService.swift; sourceTree = "<group>"; };
		EFF2E44B282F3BC8002DFE0F /* CoreDatePorotcol.swift */ = {isa = PBXFileReference; lastKnownFileType = sourcecode.swift; path = CoreDatePorotcol.swift; sourceTree = "<group>"; };
		EFF2E44D282F3CBE002DFE0F /* NetworkProtocol.swift */ = {isa = PBXFileReference; lastKnownFileType = sourcecode.swift; path = NetworkProtocol.swift; sourceTree = "<group>"; };
		EFF2E44F282F3F78002DFE0F /* RepoProtocol.swift */ = {isa = PBXFileReference; lastKnownFileType = sourcecode.swift; path = RepoProtocol.swift; sourceTree = "<group>"; };
		EFF2E451282F6542002DFE0F /* SportsResponse.swift */ = {isa = PBXFileReference; lastKnownFileType = sourcecode.swift; path = SportsResponse.swift; sourceTree = "<group>"; };
		EFF2E453282F763F002DFE0F /* SportsProtocol.swift */ = {isa = PBXFileReference; lastKnownFileType = sourcecode.swift; path = SportsProtocol.swift; sourceTree = "<group>"; };
		EFF2E455282F7C40002DFE0F /* SportsViewProtocol.swift */ = {isa = PBXFileReference; lastKnownFileType = sourcecode.swift; path = SportsViewProtocol.swift; sourceTree = "<group>"; };
/* End PBXFileReference section */

/* Begin PBXFrameworksBuildPhase section */
		EFC72A4E282C65A400884680 /* Frameworks */ = {
			isa = PBXFrameworksBuildPhase;
			buildActionMask = 2147483647;
			files = (
				8A931D7D923FD87717540277 /* Pods_Sports_App.framework in Frameworks */,
			);
			runOnlyForDeploymentPostprocessing = 0;
		};
		EFC72A67282C65A600884680 /* Frameworks */ = {
			isa = PBXFrameworksBuildPhase;
			buildActionMask = 2147483647;
			files = (
				450A0B4E3A7DF6DDFB0CA053 /* Pods_Sports_AppTests.framework in Frameworks */,
			);
			runOnlyForDeploymentPostprocessing = 0;
		};
		EFC72A72282C65A600884680 /* Frameworks */ = {
			isa = PBXFrameworksBuildPhase;
			buildActionMask = 2147483647;
			files = (
				D52AD1298722163AFDAD271D /* Pods_Sports_App_Sports_AppUITests.framework in Frameworks */,
			);
			runOnlyForDeploymentPostprocessing = 0;
		};
/* End PBXFrameworksBuildPhase section */

/* Begin PBXGroup section */
		1C6EEC972A5985E99A3C5036 /* Pods */ = {
			isa = PBXGroup;
			children = (
				20B763A5268D9ECB7EB00715 /* Pods-Sports-App.debug.xcconfig */,
				51213962DE720E5E25B8725E /* Pods-Sports-App.release.xcconfig */,
				3385F3AE8AF9C9D6A24F36AD /* Pods-Sports-App-Sports-AppUITests.debug.xcconfig */,
				6964E46CFF2AFC932B668688 /* Pods-Sports-App-Sports-AppUITests.release.xcconfig */,
				EEC8A8D3530C61E3F605A8D1 /* Pods-Sports-AppTests.debug.xcconfig */,
				AE336FF1FA0424C9F673596B /* Pods-Sports-AppTests.release.xcconfig */,
			);
			path = Pods;
			sourceTree = "<group>";
		};
		8B044F2F21C1015C5AEEDACF /* Frameworks */ = {
			isa = PBXGroup;
			children = (
				A425F803439F05E07768DA0A /* Pods_Sports_App.framework */,
				50E1669CB3D917C5352FF2C5 /* Pods_Sports_App_Sports_AppUITests.framework */,
				8CCA5013BD1D1E0483745657 /* Pods_Sports_AppTests.framework */,
			);
			name = Frameworks;
			sourceTree = "<group>";
		};
		EFC72A48282C65A400884680 = {
			isa = PBXGroup;
			children = (
				EFC72A53282C65A400884680 /* Sports-App */,
				EFC72A6D282C65A600884680 /* Sports-AppTests */,
				EFC72A78282C65A600884680 /* Sports-AppUITests */,
				EFC72A52282C65A400884680 /* Products */,
				1C6EEC972A5985E99A3C5036 /* Pods */,
				8B044F2F21C1015C5AEEDACF /* Frameworks */,
			);
			sourceTree = "<group>";
		};
		EFC72A52282C65A400884680 /* Products */ = {
			isa = PBXGroup;
			children = (
				EFC72A51282C65A400884680 /* Sports-App.app */,
				EFC72A6A282C65A600884680 /* Sports-AppTests.xctest */,
				EFC72A75282C65A600884680 /* Sports-AppUITests.xctest */,
			);
			name = Products;
			sourceTree = "<group>";
		};
		EFC72A53282C65A400884680 /* Sports-App */ = {
			isa = PBXGroup;
			children = (
				EFF2E448282F3B38002DFE0F /* CoreDateLayer */,
				EFF2E43E282F2D77002DFE0F /* NeworkLayer */,
				EFD5540D282D584000AC82C9 /* Module */,
				EFD5540C282D582B00AC82C9 /* Model */,
				EFD5540B282D57C200AC82C9 /* View */,
				EFC72A54282C65A400884680 /* AppDelegate.swift */,
				EFC72A56282C65A400884680 /* SceneDelegate.swift */,
				EFC72A60282C65A600884680 /* Assets.xcassets */,
				EFC72A65282C65A600884680 /* Info.plist */,
				EFC72A5D282C65A400884680 /* Sports_App.xcdatamodeld */,
			);
			path = "Sports-App";
			sourceTree = "<group>";
		};
		EFC72A6D282C65A600884680 /* Sports-AppTests */ = {
			isa = PBXGroup;
			children = (
				EFC72A6E282C65A600884680 /* Sports_AppTests.swift */,
				EFC72A70282C65A600884680 /* Info.plist */,
			);
			path = "Sports-AppTests";
			sourceTree = "<group>";
		};
		EFC72A78282C65A600884680 /* Sports-AppUITests */ = {
			isa = PBXGroup;
			children = (
				EFC72A79282C65A600884680 /* Sports_AppUITests.swift */,
				EFC72A7B282C65A600884680 /* Info.plist */,
			);
			path = "Sports-AppUITests";
			sourceTree = "<group>";
		};
		EFD5540B282D57C200AC82C9 /* View */ = {
			isa = PBXGroup;
			children = (
				EFC72A62282C65A600884680 /* LaunchScreen.storyboard */,
				EFC72A5A282C65A400884680 /* Main.storyboard */,
			);
			path = View;
			sourceTree = "<group>";
		};
		EFD5540C282D582B00AC82C9 /* Model */ = {
			isa = PBXGroup;
			children = (
				EFF2E443282F2F9C002DFE0F /* Sports.swift */,
				EFF2E446282F3AC0002DFE0F /* Repo.swift */,
				EFF2E44F282F3F78002DFE0F /* RepoProtocol.swift */,
				EFF2E451282F6542002DFE0F /* SportsResponse.swift */,
				2491B91D28301C3800D01FAC /* Data.swift */,
				2491B9232830283A00D01FAC /* LeaguesResponse.swift */,
				2491B9252830287D00D01FAC /* LeaguesData.swift */,
				2491B927283030C200D01FAC /* CountriesName.swift */,
				2491B9292830310C00D01FAC /* CountriesNameResponse.swift */,
			);
			path = Model;
			sourceTree = "<group>";
		};
		EFD5540D282D584000AC82C9 /* Module */ = {
			isa = PBXGroup;
			children = (
				EFF2E445282F31E0002DFE0F /* TeamInfo */,
				EFD55427282D834700AC82C9 /* SelectedLeague */,
				EFD55422282D830200AC82C9 /* Favorite */,
				EFD5541D282D825700AC82C9 /* Leagues */,
				EFD55418282D815D00AC82C9 /* Sports */,
			);
			path = Module;
			sourceTree = "<group>";
		};
		EFD55418282D815D00AC82C9 /* Sports */ = {
			isa = PBXGroup;
			children = (
				EFD5541A282D817F00AC82C9 /* Presenter */,
				EFD55419282D817700AC82C9 /* View */,
			);
			path = Sports;
			sourceTree = "<group>";
		};
		EFD55419282D817700AC82C9 /* View */ = {
			isa = PBXGroup;
			children = (
				EFD55416282D707800AC82C9 /* SportsCollectionViewCell.swift */,
				EFD5540E282D634400AC82C9 /* SportsViewController.swift */,
				EFF2E455282F7C40002DFE0F /* SportsViewProtocol.swift */,
			);
			path = View;
			sourceTree = "<group>";
		};
		EFD5541A282D817F00AC82C9 /* Presenter */ = {
			isa = PBXGroup;
			children = (
				EFD5541B282D81D200AC82C9 /* SportsPresenter.swift */,
				EFF2E453282F763F002DFE0F /* SportsProtocol.swift */,
			);
			path = Presenter;
			sourceTree = "<group>";
		};
		EFD5541D282D825700AC82C9 /* Leagues */ = {
			isa = PBXGroup;
			children = (
				EFD5541F282D827500AC82C9 /* Presenter */,
				EFD5541E282D826A00AC82C9 /* View */,
			);
			path = Leagues;
			sourceTree = "<group>";
		};
		EFD5541E282D826A00AC82C9 /* View */ = {
			isa = PBXGroup;
			children = (
				EFD55414282D700E00AC82C9 /* LeaguesCellController.swift */,
				EFD55412282D6EAE00AC82C9 /* LeaguesViewController.swift */,
				2491B9212830240400D01FAC /* LeagueViewProtocol.swift */,
			);
			path = View;
			sourceTree = "<group>";
		};
		EFD5541F282D827500AC82C9 /* Presenter */ = {
			isa = PBXGroup;
			children = (
				EFD55420282D82DC00AC82C9 /* LeaguesPresenter.swift */,
				2491B91F283023EE00D01FAC /* LeaguePresenterProtocol.swift */,
			);
			path = Presenter;
			sourceTree = "<group>";
		};
		EFD55422282D830200AC82C9 /* Favorite */ = {
			isa = PBXGroup;
			children = (
				EFD55424282D831400AC82C9 /* Presenter */,
				EFD55423282D830E00AC82C9 /* View */,
			);
			path = Favorite;
			sourceTree = "<group>";
		};
		EFD55423282D830E00AC82C9 /* View */ = {
			isa = PBXGroup;
			children = (
				EFC72A58282C65A400884680 /* ViewController.swift */,
				EFD55410282D678C00AC82C9 /* CellTableViewCell.swift */,
			);
			path = View;
			sourceTree = "<group>";
		};
		EFD55424282D831400AC82C9 /* Presenter */ = {
			isa = PBXGroup;
			children = (
				EFD55425282D833600AC82C9 /* FavoritePresenter.swift */,
			);
			path = Presenter;
			sourceTree = "<group>";
		};
		EFD55427282D834700AC82C9 /* SelectedLeague */ = {
			isa = PBXGroup;
			children = (
				EFD55429282D836200AC82C9 /* Presenter */,
				EFD55428282D835A00AC82C9 /* View */,
			);
			path = SelectedLeague;
			sourceTree = "<group>";
		};
		EFD55428282D835A00AC82C9 /* View */ = {
			isa = PBXGroup;
			children = (
				EFD5542A282D839B00AC82C9 /* SelectedLeagueViewController.swift */,
				EFF2E438282F2CAB002DFE0F /* UpcomingEventsCellController.swift */,
				EFF2E43A282F2D09002DFE0F /* LatestResultsCellController.swift */,
				EFF2E43C282F2D2A002DFE0F /* TeamsCellController.swift */,
			);
			path = View;
			sourceTree = "<group>";
		};
		EFD55429282D836200AC82C9 /* Presenter */ = {
			isa = PBXGroup;
			children = (
			);
			path = Presenter;
			sourceTree = "<group>";
		};
		EFF2E43E282F2D77002DFE0F /* NeworkLayer */ = {
			isa = PBXGroup;
			children = (
				EFF2E43F282F2E6A002DFE0F /* Reachability.swift */,
				EFF2E441282F2EBF002DFE0F /* NeworkService.swift */,
				EFF2E44D282F3CBE002DFE0F /* NetworkProtocol.swift */,
			);
			path = NeworkLayer;
			sourceTree = "<group>";
		};
		EFF2E445282F31E0002DFE0F /* TeamInfo */ = {
			isa = PBXGroup;
			children = (
			);
			path = TeamInfo;
			sourceTree = "<group>";
		};
		EFF2E448282F3B38002DFE0F /* CoreDateLayer */ = {
			isa = PBXGroup;
			children = (
				EFF2E449282F3B5F002DFE0F /* CoreDataService.swift */,
				EFF2E44B282F3BC8002DFE0F /* CoreDatePorotcol.swift */,
			);
			path = CoreDateLayer;
			sourceTree = "<group>";
		};
/* End PBXGroup section */

/* Begin PBXNativeTarget section */
		EFC72A50282C65A400884680 /* Sports-App */ = {
			isa = PBXNativeTarget;
			buildConfigurationList = EFC72A7E282C65A600884680 /* Build configuration list for PBXNativeTarget "Sports-App" */;
			buildPhases = (
				F0E0A145213481FF4276E21F /* [CP] Check Pods Manifest.lock */,
				EFC72A4D282C65A400884680 /* Sources */,
				EFC72A4E282C65A400884680 /* Frameworks */,
				EFC72A4F282C65A400884680 /* Resources */,
				9594D49E83E68E0D2B67F9A9 /* [CP] Embed Pods Frameworks */,
			);
			buildRules = (
			);
			dependencies = (
			);
			name = "Sports-App";
			productName = "Sports-App";
			productReference = EFC72A51282C65A400884680 /* Sports-App.app */;
			productType = "com.apple.product-type.application";
		};
		EFC72A69282C65A600884680 /* Sports-AppTests */ = {
			isa = PBXNativeTarget;
			buildConfigurationList = EFC72A81282C65A600884680 /* Build configuration list for PBXNativeTarget "Sports-AppTests" */;
			buildPhases = (
				9539BE64C33DC3724C8A16B5 /* [CP] Check Pods Manifest.lock */,
				EFC72A66282C65A600884680 /* Sources */,
				EFC72A67282C65A600884680 /* Frameworks */,
				EFC72A68282C65A600884680 /* Resources */,
			);
			buildRules = (
			);
			dependencies = (
				EFC72A6C282C65A600884680 /* PBXTargetDependency */,
			);
			name = "Sports-AppTests";
			productName = "Sports-AppTests";
			productReference = EFC72A6A282C65A600884680 /* Sports-AppTests.xctest */;
			productType = "com.apple.product-type.bundle.unit-test";
		};
		EFC72A74282C65A600884680 /* Sports-AppUITests */ = {
			isa = PBXNativeTarget;
			buildConfigurationList = EFC72A84282C65A600884680 /* Build configuration list for PBXNativeTarget "Sports-AppUITests" */;
			buildPhases = (
				AF716ABCD74BBBBE84C77E34 /* [CP] Check Pods Manifest.lock */,
				EFC72A71282C65A600884680 /* Sources */,
				EFC72A72282C65A600884680 /* Frameworks */,
				EFC72A73282C65A600884680 /* Resources */,
				7EE58AB3D5C2573BA8FB2EA9 /* [CP] Embed Pods Frameworks */,
			);
			buildRules = (
			);
			dependencies = (
				EFC72A77282C65A600884680 /* PBXTargetDependency */,
			);
			name = "Sports-AppUITests";
			productName = "Sports-AppUITests";
			productReference = EFC72A75282C65A600884680 /* Sports-AppUITests.xctest */;
			productType = "com.apple.product-type.bundle.ui-testing";
		};
/* End PBXNativeTarget section */

/* Begin PBXProject section */
		EFC72A49282C65A400884680 /* Project object */ = {
			isa = PBXProject;
			attributes = {
				LastSwiftUpdateCheck = 1130;
				LastUpgradeCheck = 1130;
				ORGANIZATIONNAME = "Ahmad Ellamey & Marawan Adel";
				TargetAttributes = {
					EFC72A50282C65A400884680 = {
						CreatedOnToolsVersion = 11.3.1;
					};
					EFC72A69282C65A600884680 = {
						CreatedOnToolsVersion = 11.3.1;
						TestTargetID = EFC72A50282C65A400884680;
					};
					EFC72A74282C65A600884680 = {
						CreatedOnToolsVersion = 11.3.1;
						TestTargetID = EFC72A50282C65A400884680;
					};
				};
			};
			buildConfigurationList = EFC72A4C282C65A400884680 /* Build configuration list for PBXProject "Sports-App" */;
			compatibilityVersion = "Xcode 9.3";
			developmentRegion = en;
			hasScannedForEncodings = 0;
			knownRegions = (
				en,
				Base,
			);
			mainGroup = EFC72A48282C65A400884680;
			productRefGroup = EFC72A52282C65A400884680 /* Products */;
			projectDirPath = "";
			projectRoot = "";
			targets = (
				EFC72A50282C65A400884680 /* Sports-App */,
				EFC72A69282C65A600884680 /* Sports-AppTests */,
				EFC72A74282C65A600884680 /* Sports-AppUITests */,
			);
		};
/* End PBXProject section */

/* Begin PBXResourcesBuildPhase section */
		EFC72A4F282C65A400884680 /* Resources */ = {
			isa = PBXResourcesBuildPhase;
			buildActionMask = 2147483647;
			files = (
				EFC72A64282C65A600884680 /* LaunchScreen.storyboard in Resources */,
				EFC72A61282C65A600884680 /* Assets.xcassets in Resources */,
				EFC72A5C282C65A400884680 /* Main.storyboard in Resources */,
			);
			runOnlyForDeploymentPostprocessing = 0;
		};
		EFC72A68282C65A600884680 /* Resources */ = {
			isa = PBXResourcesBuildPhase;
			buildActionMask = 2147483647;
			files = (
			);
			runOnlyForDeploymentPostprocessing = 0;
		};
		EFC72A73282C65A600884680 /* Resources */ = {
			isa = PBXResourcesBuildPhase;
			buildActionMask = 2147483647;
			files = (
			);
			runOnlyForDeploymentPostprocessing = 0;
		};
/* End PBXResourcesBuildPhase section */

/* Begin PBXShellScriptBuildPhase section */
		7EE58AB3D5C2573BA8FB2EA9 /* [CP] Embed Pods Frameworks */ = {
			isa = PBXShellScriptBuildPhase;
			buildActionMask = 2147483647;
			files = (
			);
			inputFileListPaths = (
				"${PODS_ROOT}/Target Support Files/Pods-Sports-App-Sports-AppUITests/Pods-Sports-App-Sports-AppUITests-frameworks-${CONFIGURATION}-input-files.xcfilelist",
			);
			name = "[CP] Embed Pods Frameworks";
			outputFileListPaths = (
				"${PODS_ROOT}/Target Support Files/Pods-Sports-App-Sports-AppUITests/Pods-Sports-App-Sports-AppUITests-frameworks-${CONFIGURATION}-output-files.xcfilelist",
			);
			runOnlyForDeploymentPostprocessing = 0;
			shellPath = /bin/sh;
			shellScript = "\"${PODS_ROOT}/Target Support Files/Pods-Sports-App-Sports-AppUITests/Pods-Sports-App-Sports-AppUITests-frameworks.sh\"\n";
			showEnvVarsInLog = 0;
		};
		9539BE64C33DC3724C8A16B5 /* [CP] Check Pods Manifest.lock */ = {
			isa = PBXShellScriptBuildPhase;
			buildActionMask = 2147483647;
			files = (
			);
			inputFileListPaths = (
			);
			inputPaths = (
				"${PODS_PODFILE_DIR_PATH}/Podfile.lock",
				"${PODS_ROOT}/Manifest.lock",
			);
			name = "[CP] Check Pods Manifest.lock";
			outputFileListPaths = (
			);
			outputPaths = (
				"$(DERIVED_FILE_DIR)/Pods-Sports-AppTests-checkManifestLockResult.txt",
			);
			runOnlyForDeploymentPostprocessing = 0;
			shellPath = /bin/sh;
			shellScript = "diff \"${PODS_PODFILE_DIR_PATH}/Podfile.lock\" \"${PODS_ROOT}/Manifest.lock\" > /dev/null\nif [ $? != 0 ] ; then\n    # print error to STDERR\n    echo \"error: The sandbox is not in sync with the Podfile.lock. Run 'pod install' or update your CocoaPods installation.\" >&2\n    exit 1\nfi\n# This output is used by Xcode 'outputs' to avoid re-running this script phase.\necho \"SUCCESS\" > \"${SCRIPT_OUTPUT_FILE_0}\"\n";
			showEnvVarsInLog = 0;
		};
		9594D49E83E68E0D2B67F9A9 /* [CP] Embed Pods Frameworks */ = {
			isa = PBXShellScriptBuildPhase;
			buildActionMask = 2147483647;
			files = (
			);
			inputFileListPaths = (
				"${PODS_ROOT}/Target Support Files/Pods-Sports-App/Pods-Sports-App-frameworks-${CONFIGURATION}-input-files.xcfilelist",
			);
			name = "[CP] Embed Pods Frameworks";
			outputFileListPaths = (
				"${PODS_ROOT}/Target Support Files/Pods-Sports-App/Pods-Sports-App-frameworks-${CONFIGURATION}-output-files.xcfilelist",
			);
			runOnlyForDeploymentPostprocessing = 0;
			shellPath = /bin/sh;
			shellScript = "\"${PODS_ROOT}/Target Support Files/Pods-Sports-App/Pods-Sports-App-frameworks.sh\"\n";
			showEnvVarsInLog = 0;
		};
		AF716ABCD74BBBBE84C77E34 /* [CP] Check Pods Manifest.lock */ = {
			isa = PBXShellScriptBuildPhase;
			buildActionMask = 2147483647;
			files = (
			);
			inputFileListPaths = (
			);
			inputPaths = (
				"${PODS_PODFILE_DIR_PATH}/Podfile.lock",
				"${PODS_ROOT}/Manifest.lock",
			);
			name = "[CP] Check Pods Manifest.lock";
			outputFileListPaths = (
			);
			outputPaths = (
				"$(DERIVED_FILE_DIR)/Pods-Sports-App-Sports-AppUITests-checkManifestLockResult.txt",
			);
			runOnlyForDeploymentPostprocessing = 0;
			shellPath = /bin/sh;
			shellScript = "diff \"${PODS_PODFILE_DIR_PATH}/Podfile.lock\" \"${PODS_ROOT}/Manifest.lock\" > /dev/null\nif [ $? != 0 ] ; then\n    # print error to STDERR\n    echo \"error: The sandbox is not in sync with the Podfile.lock. Run 'pod install' or update your CocoaPods installation.\" >&2\n    exit 1\nfi\n# This output is used by Xcode 'outputs' to avoid re-running this script phase.\necho \"SUCCESS\" > \"${SCRIPT_OUTPUT_FILE_0}\"\n";
			showEnvVarsInLog = 0;
		};
		F0E0A145213481FF4276E21F /* [CP] Check Pods Manifest.lock */ = {
			isa = PBXShellScriptBuildPhase;
			buildActionMask = 2147483647;
			files = (
			);
			inputFileListPaths = (
			);
			inputPaths = (
				"${PODS_PODFILE_DIR_PATH}/Podfile.lock",
				"${PODS_ROOT}/Manifest.lock",
			);
			name = "[CP] Check Pods Manifest.lock";
			outputFileListPaths = (
			);
			outputPaths = (
				"$(DERIVED_FILE_DIR)/Pods-Sports-App-checkManifestLockResult.txt",
			);
			runOnlyForDeploymentPostprocessing = 0;
			shellPath = /bin/sh;
			shellScript = "diff \"${PODS_PODFILE_DIR_PATH}/Podfile.lock\" \"${PODS_ROOT}/Manifest.lock\" > /dev/null\nif [ $? != 0 ] ; then\n    # print error to STDERR\n    echo \"error: The sandbox is not in sync with the Podfile.lock. Run 'pod install' or update your CocoaPods installation.\" >&2\n    exit 1\nfi\n# This output is used by Xcode 'outputs' to avoid re-running this script phase.\necho \"SUCCESS\" > \"${SCRIPT_OUTPUT_FILE_0}\"\n";
			showEnvVarsInLog = 0;
		};
/* End PBXShellScriptBuildPhase section */

/* Begin PBXSourcesBuildPhase section */
		EFC72A4D282C65A400884680 /* Sources */ = {
			isa = PBXSourcesBuildPhase;
			buildActionMask = 2147483647;
			files = (
				EFD55415282D700E00AC82C9 /* LeaguesCellController.swift in Sources */,
				EFC72A59282C65A400884680 /* ViewController.swift in Sources */,
				EFF2E43D282F2D2A002DFE0F /* TeamsCellController.swift in Sources */,
				EFD55421282D82DC00AC82C9 /* LeaguesPresenter.swift in Sources */,
				EFF2E456282F7C40002DFE0F /* SportsViewProtocol.swift in Sources */,
				2491B9222830240400D01FAC /* LeagueViewProtocol.swift in Sources */,
				2491B928283030C200D01FAC /* CountriesName.swift in Sources */,
				2491B9262830287D00D01FAC /* LeaguesData.swift in Sources */,
				EFC72A55282C65A400884680 /* AppDelegate.swift in Sources */,
				EFD5540F282D634400AC82C9 /* SportsViewController.swift in Sources */,
				2491B91E28301C3800D01FAC /* Data.swift in Sources */,
				EFF2E444282F2F9C002DFE0F /* Sports.swift in Sources */,
				EFF2E44E282F3CBE002DFE0F /* NetworkProtocol.swift in Sources */,
				EFF2E44A282F3B5F002DFE0F /* CoreDataService.swift in Sources */,
				EFF2E447282F3AC0002DFE0F /* Repo.swift in Sources */,
				2491B9242830283A00D01FAC /* LeaguesResponse.swift in Sources */,
				2491B920283023EE00D01FAC /* LeaguePresenterProtocol.swift in Sources */,
				EFF2E454282F763F002DFE0F /* SportsProtocol.swift in Sources */,
				2491B92A2830310C00D01FAC /* CountriesNameResponse.swift in Sources */,
				EFF2E440282F2E6A002DFE0F /* Reachability.swift in Sources */,
				EFF2E44C282F3BC8002DFE0F /* CoreDatePorotcol.swift in Sources */,
				EFD55417282D707800AC82C9 /* SportsCollectionViewCell.swift in Sources */,
				EFF2E450282F3F78002DFE0F /* RepoProtocol.swift in Sources */,
				EFD55426282D833600AC82C9 /* FavoritePresenter.swift in Sources */,
				EFD5541C282D81D200AC82C9 /* SportsPresenter.swift in Sources */,
				EFF2E452282F6542002DFE0F /* SportsResponse.swift in Sources */,
				EFD5542B282D839B00AC82C9 /* SelectedLeagueViewController.swift in Sources */,
				EFF2E442282F2EBF002DFE0F /* NeworkService.swift in Sources */,
				EFD55413282D6EAE00AC82C9 /* LeaguesViewController.swift in Sources */,
				EFF2E439282F2CAB002DFE0F /* UpcomingEventsCellController.swift in Sources */,
				EFF2E43B282F2D09002DFE0F /* LatestResultsCellController.swift in Sources */,
				EFD55411282D678C00AC82C9 /* CellTableViewCell.swift in Sources */,
				EFC72A5F282C65A400884680 /* Sports_App.xcdatamodeld in Sources */,
				EFC72A57282C65A400884680 /* SceneDelegate.swift in Sources */,
			);
			runOnlyForDeploymentPostprocessing = 0;
		};
		EFC72A66282C65A600884680 /* Sources */ = {
			isa = PBXSourcesBuildPhase;
			buildActionMask = 2147483647;
			files = (
				EFC72A6F282C65A600884680 /* Sports_AppTests.swift in Sources */,
			);
			runOnlyForDeploymentPostprocessing = 0;
		};
		EFC72A71282C65A600884680 /* Sources */ = {
			isa = PBXSourcesBuildPhase;
			buildActionMask = 2147483647;
			files = (
				EFC72A7A282C65A600884680 /* Sports_AppUITests.swift in Sources */,
			);
			runOnlyForDeploymentPostprocessing = 0;
		};
/* End PBXSourcesBuildPhase section */

/* Begin PBXTargetDependency section */
		EFC72A6C282C65A600884680 /* PBXTargetDependency */ = {
			isa = PBXTargetDependency;
			target = EFC72A50282C65A400884680 /* Sports-App */;
			targetProxy = EFC72A6B282C65A600884680 /* PBXContainerItemProxy */;
		};
		EFC72A77282C65A600884680 /* PBXTargetDependency */ = {
			isa = PBXTargetDependency;
			target = EFC72A50282C65A400884680 /* Sports-App */;
			targetProxy = EFC72A76282C65A600884680 /* PBXContainerItemProxy */;
		};
/* End PBXTargetDependency section */

/* Begin PBXVariantGroup section */
		EFC72A5A282C65A400884680 /* Main.storyboard */ = {
			isa = PBXVariantGroup;
			children = (
				EFC72A5B282C65A400884680 /* Base */,
			);
			name = Main.storyboard;
			sourceTree = "<group>";
		};
		EFC72A62282C65A600884680 /* LaunchScreen.storyboard */ = {
			isa = PBXVariantGroup;
			children = (
				EFC72A63282C65A600884680 /* Base */,
			);
			name = LaunchScreen.storyboard;
			sourceTree = "<group>";
		};
/* End PBXVariantGroup section */

/* Begin XCBuildConfiguration section */
		EFC72A7C282C65A600884680 /* Debug */ = {
			isa = XCBuildConfiguration;
			buildSettings = {
				ALWAYS_SEARCH_USER_PATHS = NO;
				CLANG_ANALYZER_NONNULL = YES;
				CLANG_ANALYZER_NUMBER_OBJECT_CONVERSION = YES_AGGRESSIVE;
				CLANG_CXX_LANGUAGE_STANDARD = "gnu++14";
				CLANG_CXX_LIBRARY = "libc++";
				CLANG_ENABLE_MODULES = YES;
				CLANG_ENABLE_OBJC_ARC = YES;
				CLANG_ENABLE_OBJC_WEAK = YES;
				CLANG_WARN_BLOCK_CAPTURE_AUTORELEASING = YES;
				CLANG_WARN_BOOL_CONVERSION = YES;
				CLANG_WARN_COMMA = YES;
				CLANG_WARN_CONSTANT_CONVERSION = YES;
				CLANG_WARN_DEPRECATED_OBJC_IMPLEMENTATIONS = YES;
				CLANG_WARN_DIRECT_OBJC_ISA_USAGE = YES_ERROR;
				CLANG_WARN_DOCUMENTATION_COMMENTS = YES;
				CLANG_WARN_EMPTY_BODY = YES;
				CLANG_WARN_ENUM_CONVERSION = YES;
				CLANG_WARN_INFINITE_RECURSION = YES;
				CLANG_WARN_INT_CONVERSION = YES;
				CLANG_WARN_NON_LITERAL_NULL_CONVERSION = YES;
				CLANG_WARN_OBJC_IMPLICIT_RETAIN_SELF = YES;
				CLANG_WARN_OBJC_LITERAL_CONVERSION = YES;
				CLANG_WARN_OBJC_ROOT_CLASS = YES_ERROR;
				CLANG_WARN_RANGE_LOOP_ANALYSIS = YES;
				CLANG_WARN_STRICT_PROTOTYPES = YES;
				CLANG_WARN_SUSPICIOUS_MOVE = YES;
				CLANG_WARN_UNGUARDED_AVAILABILITY = YES_AGGRESSIVE;
				CLANG_WARN_UNREACHABLE_CODE = YES;
				CLANG_WARN__DUPLICATE_METHOD_MATCH = YES;
				COPY_PHASE_STRIP = NO;
				DEBUG_INFORMATION_FORMAT = dwarf;
				ENABLE_STRICT_OBJC_MSGSEND = YES;
				ENABLE_TESTABILITY = YES;
				GCC_C_LANGUAGE_STANDARD = gnu11;
				GCC_DYNAMIC_NO_PIC = NO;
				GCC_NO_COMMON_BLOCKS = YES;
				GCC_OPTIMIZATION_LEVEL = 0;
				GCC_PREPROCESSOR_DEFINITIONS = (
					"DEBUG=1",
					"$(inherited)",
				);
				GCC_WARN_64_TO_32_BIT_CONVERSION = YES;
				GCC_WARN_ABOUT_RETURN_TYPE = YES_ERROR;
				GCC_WARN_UNDECLARED_SELECTOR = YES;
				GCC_WARN_UNINITIALIZED_AUTOS = YES_AGGRESSIVE;
				GCC_WARN_UNUSED_FUNCTION = YES;
				GCC_WARN_UNUSED_VARIABLE = YES;
				IPHONEOS_DEPLOYMENT_TARGET = 13.0;
				MTL_ENABLE_DEBUG_INFO = INCLUDE_SOURCE;
				MTL_FAST_MATH = YES;
				ONLY_ACTIVE_ARCH = YES;
				SDKROOT = iphoneos;
				SWIFT_ACTIVE_COMPILATION_CONDITIONS = DEBUG;
				SWIFT_OPTIMIZATION_LEVEL = "-Onone";
			};
			name = Debug;
		};
		EFC72A7D282C65A600884680 /* Release */ = {
			isa = XCBuildConfiguration;
			buildSettings = {
				ALWAYS_SEARCH_USER_PATHS = NO;
				CLANG_ANALYZER_NONNULL = YES;
				CLANG_ANALYZER_NUMBER_OBJECT_CONVERSION = YES_AGGRESSIVE;
				CLANG_CXX_LANGUAGE_STANDARD = "gnu++14";
				CLANG_CXX_LIBRARY = "libc++";
				CLANG_ENABLE_MODULES = YES;
				CLANG_ENABLE_OBJC_ARC = YES;
				CLANG_ENABLE_OBJC_WEAK = YES;
				CLANG_WARN_BLOCK_CAPTURE_AUTORELEASING = YES;
				CLANG_WARN_BOOL_CONVERSION = YES;
				CLANG_WARN_COMMA = YES;
				CLANG_WARN_CONSTANT_CONVERSION = YES;
				CLANG_WARN_DEPRECATED_OBJC_IMPLEMENTATIONS = YES;
				CLANG_WARN_DIRECT_OBJC_ISA_USAGE = YES_ERROR;
				CLANG_WARN_DOCUMENTATION_COMMENTS = YES;
				CLANG_WARN_EMPTY_BODY = YES;
				CLANG_WARN_ENUM_CONVERSION = YES;
				CLANG_WARN_INFINITE_RECURSION = YES;
				CLANG_WARN_INT_CONVERSION = YES;
				CLANG_WARN_NON_LITERAL_NULL_CONVERSION = YES;
				CLANG_WARN_OBJC_IMPLICIT_RETAIN_SELF = YES;
				CLANG_WARN_OBJC_LITERAL_CONVERSION = YES;
				CLANG_WARN_OBJC_ROOT_CLASS = YES_ERROR;
				CLANG_WARN_RANGE_LOOP_ANALYSIS = YES;
				CLANG_WARN_STRICT_PROTOTYPES = YES;
				CLANG_WARN_SUSPICIOUS_MOVE = YES;
				CLANG_WARN_UNGUARDED_AVAILABILITY = YES_AGGRESSIVE;
				CLANG_WARN_UNREACHABLE_CODE = YES;
				CLANG_WARN__DUPLICATE_METHOD_MATCH = YES;
				COPY_PHASE_STRIP = NO;
				DEBUG_INFORMATION_FORMAT = "dwarf-with-dsym";
				ENABLE_NS_ASSERTIONS = NO;
				ENABLE_STRICT_OBJC_MSGSEND = YES;
				GCC_C_LANGUAGE_STANDARD = gnu11;
				GCC_NO_COMMON_BLOCKS = YES;
				GCC_WARN_64_TO_32_BIT_CONVERSION = YES;
				GCC_WARN_ABOUT_RETURN_TYPE = YES_ERROR;
				GCC_WARN_UNDECLARED_SELECTOR = YES;
				GCC_WARN_UNINITIALIZED_AUTOS = YES_AGGRESSIVE;
				GCC_WARN_UNUSED_FUNCTION = YES;
				GCC_WARN_UNUSED_VARIABLE = YES;
				IPHONEOS_DEPLOYMENT_TARGET = 13.0;
				MTL_ENABLE_DEBUG_INFO = NO;
				MTL_FAST_MATH = YES;
				SDKROOT = iphoneos;
				SWIFT_COMPILATION_MODE = wholemodule;
				SWIFT_OPTIMIZATION_LEVEL = "-O";
				VALIDATE_PRODUCT = YES;
			};
			name = Release;
		};
		EFC72A7F282C65A600884680 /* Debug */ = {
			isa = XCBuildConfiguration;
			baseConfigurationReference = 20B763A5268D9ECB7EB00715 /* Pods-Sports-App.debug.xcconfig */;
			buildSettings = {
				ASSETCATALOG_COMPILER_APPICON_NAME = AppIcon;
				CODE_SIGN_STYLE = Automatic;
				INFOPLIST_FILE = "Sports-App/Info.plist";
				LD_RUNPATH_SEARCH_PATHS = (
					"$(inherited)",
					"@executable_path/Frameworks",
				);
				PRODUCT_BUNDLE_IDENTIFIER = "AESystems.Sports-App";
				PRODUCT_NAME = "$(TARGET_NAME)";
				SWIFT_VERSION = 5.0;
				TARGETED_DEVICE_FAMILY = "1,2";
			};
			name = Debug;
		};
		EFC72A80282C65A600884680 /* Release */ = {
			isa = XCBuildConfiguration;
			baseConfigurationReference = 51213962DE720E5E25B8725E /* Pods-Sports-App.release.xcconfig */;
			buildSettings = {
				ASSETCATALOG_COMPILER_APPICON_NAME = AppIcon;
				CODE_SIGN_STYLE = Automatic;
				INFOPLIST_FILE = "Sports-App/Info.plist";
				LD_RUNPATH_SEARCH_PATHS = (
					"$(inherited)",
					"@executable_path/Frameworks",
				);
				PRODUCT_BUNDLE_IDENTIFIER = "AESystems.Sports-App";
				PRODUCT_NAME = "$(TARGET_NAME)";
				SWIFT_VERSION = 5.0;
				TARGETED_DEVICE_FAMILY = "1,2";
			};
			name = Release;
		};
		EFC72A82282C65A600884680 /* Debug */ = {
			isa = XCBuildConfiguration;
			baseConfigurationReference = EEC8A8D3530C61E3F605A8D1 /* Pods-Sports-AppTests.debug.xcconfig */;
			buildSettings = {
				ALWAYS_EMBED_SWIFT_STANDARD_LIBRARIES = YES;
				BUNDLE_LOADER = "$(TEST_HOST)";
				CODE_SIGN_STYLE = Automatic;
				INFOPLIST_FILE = "Sports-AppTests/Info.plist";
				IPHONEOS_DEPLOYMENT_TARGET = 13.2;
				LD_RUNPATH_SEARCH_PATHS = (
					"$(inherited)",
					"@executable_path/Frameworks",
					"@loader_path/Frameworks",
				);
				PRODUCT_BUNDLE_IDENTIFIER = "AESystems.Sports-AppTests";
				PRODUCT_NAME = "$(TARGET_NAME)";
				SWIFT_VERSION = 5.0;
				TARGETED_DEVICE_FAMILY = "1,2";
				TEST_HOST = "$(BUILT_PRODUCTS_DIR)/Sports-App.app/Sports-App";
			};
			name = Debug;
		};
		EFC72A83282C65A600884680 /* Release */ = {
			isa = XCBuildConfiguration;
			baseConfigurationReference = AE336FF1FA0424C9F673596B /* Pods-Sports-AppTests.release.xcconfig */;
			buildSettings = {
				ALWAYS_EMBED_SWIFT_STANDARD_LIBRARIES = YES;
				BUNDLE_LOADER = "$(TEST_HOST)";
				CODE_SIGN_STYLE = Automatic;
				INFOPLIST_FILE = "Sports-AppTests/Info.plist";
				IPHONEOS_DEPLOYMENT_TARGET = 13.2;
				LD_RUNPATH_SEARCH_PATHS = (
					"$(inherited)",
					"@executable_path/Frameworks",
					"@loader_path/Frameworks",
				);
				PRODUCT_BUNDLE_IDENTIFIER = "AESystems.Sports-AppTests";
				PRODUCT_NAME = "$(TARGET_NAME)";
				SWIFT_VERSION = 5.0;
				TARGETED_DEVICE_FAMILY = "1,2";
				TEST_HOST = "$(BUILT_PRODUCTS_DIR)/Sports-App.app/Sports-App";
			};
			name = Release;
		};
		EFC72A85282C65A600884680 /* Debug */ = {
			isa = XCBuildConfiguration;
			baseConfigurationReference = 3385F3AE8AF9C9D6A24F36AD /* Pods-Sports-App-Sports-AppUITests.debug.xcconfig */;
			buildSettings = {
				ALWAYS_EMBED_SWIFT_STANDARD_LIBRARIES = YES;
				CODE_SIGN_STYLE = Automatic;
				INFOPLIST_FILE = "Sports-AppUITests/Info.plist";
				LD_RUNPATH_SEARCH_PATHS = (
					"$(inherited)",
					"@executable_path/Frameworks",
					"@loader_path/Frameworks",
				);
				PRODUCT_BUNDLE_IDENTIFIER = "AESystems.Sports-AppUITests";
				PRODUCT_NAME = "$(TARGET_NAME)";
				SWIFT_VERSION = 5.0;
				TARGETED_DEVICE_FAMILY = "1,2";
				TEST_TARGET_NAME = "Sports-App";
			};
			name = Debug;
		};
		EFC72A86282C65A600884680 /* Release */ = {
			isa = XCBuildConfiguration;
			baseConfigurationReference = 6964E46CFF2AFC932B668688 /* Pods-Sports-App-Sports-AppUITests.release.xcconfig */;
			buildSettings = {
				ALWAYS_EMBED_SWIFT_STANDARD_LIBRARIES = YES;
				CODE_SIGN_STYLE = Automatic;
				INFOPLIST_FILE = "Sports-AppUITests/Info.plist";
				LD_RUNPATH_SEARCH_PATHS = (
					"$(inherited)",
					"@executable_path/Frameworks",
					"@loader_path/Frameworks",
				);
				PRODUCT_BUNDLE_IDENTIFIER = "AESystems.Sports-AppUITests";
				PRODUCT_NAME = "$(TARGET_NAME)";
				SWIFT_VERSION = 5.0;
				TARGETED_DEVICE_FAMILY = "1,2";
				TEST_TARGET_NAME = "Sports-App";
			};
			name = Release;
		};
/* End XCBuildConfiguration section */

/* Begin XCConfigurationList section */
		EFC72A4C282C65A400884680 /* Build configuration list for PBXProject "Sports-App" */ = {
			isa = XCConfigurationList;
			buildConfigurations = (
				EFC72A7C282C65A600884680 /* Debug */,
				EFC72A7D282C65A600884680 /* Release */,
			);
			defaultConfigurationIsVisible = 0;
			defaultConfigurationName = Release;
		};
		EFC72A7E282C65A600884680 /* Build configuration list for PBXNativeTarget "Sports-App" */ = {
			isa = XCConfigurationList;
			buildConfigurations = (
				EFC72A7F282C65A600884680 /* Debug */,
				EFC72A80282C65A600884680 /* Release */,
			);
			defaultConfigurationIsVisible = 0;
			defaultConfigurationName = Release;
		};
		EFC72A81282C65A600884680 /* Build configuration list for PBXNativeTarget "Sports-AppTests" */ = {
			isa = XCConfigurationList;
			buildConfigurations = (
				EFC72A82282C65A600884680 /* Debug */,
				EFC72A83282C65A600884680 /* Release */,
			);
			defaultConfigurationIsVisible = 0;
			defaultConfigurationName = Release;
		};
		EFC72A84282C65A600884680 /* Build configuration list for PBXNativeTarget "Sports-AppUITests" */ = {
			isa = XCConfigurationList;
			buildConfigurations = (
				EFC72A85282C65A600884680 /* Debug */,
				EFC72A86282C65A600884680 /* Release */,
			);
			defaultConfigurationIsVisible = 0;
			defaultConfigurationName = Release;
		};
/* End XCConfigurationList section */

/* Begin XCVersionGroup section */
		EFC72A5D282C65A400884680 /* Sports_App.xcdatamodeld */ = {
			isa = XCVersionGroup;
			children = (
				EFC72A5E282C65A400884680 /* Sports_App.xcdatamodel */,
			);
			currentVersion = EFC72A5E282C65A400884680 /* Sports_App.xcdatamodel */;
			path = Sports_App.xcdatamodeld;
			sourceTree = "<group>";
			versionGroupType = wrapper.xcdatamodel;
		};
/* End XCVersionGroup section */
	};
	rootObject = EFC72A49282C65A400884680 /* Project object */;
}
